
Microsoft Visual Studio Solution File, Format Version 12.00
# Visual Studio Version 17
VisualStudioVersion = 17.1.32210.238
MinimumVisualStudioVersion = 10.0.40219.1
Project("{FAE04EC0-301F-11D3-BF4B-00C04F79EFBC}") = "CSharp-G2", "CSharp-G2\CSharp-G2.csproj", "{1BA85AAB-B6D4-44C8-8B3C-D63B9DFA76F3}"
EndProject
Global
	GlobalSection(SolutionConfigurationPlatforms) = preSolution
		Debug|Any CPU = Debug|Any CPU
		Release|Any CPU = Release|Any CPU
	EndGlobalSection
	GlobalSection(ProjectConfigurationPlatforms) = postSolution
		{1BA85AAB-B6D4-44C8-8B3C-D63B9DFA76F3}.Debug|Any CPU.ActiveCfg = Debug|Any CPU
		{1BA85AAB-B6D4-44C8-8B3C-D63B9DFA76F3}.Debug|Any CPU.Build.0 = Debug|Any CPU
		{1BA85AAB-B6D4-44C8-8B3C-D63B9DFA76F3}.Release|Any CPU.ActiveCfg = Release|Any CPU
		{1BA85AAB-B6D4-44C8-8B3C-D63B9DFA76F3}.Release|Any CPU.Build.0 = Release|Any CPU
	EndGlobalSection
	GlobalSection(SolutionProperties) = preSolution
		HideSolutionNode = FALSE
	EndGlobalSection
	GlobalSection(ExtensibilityGlobals) = postSolution
		SolutionGuid = {A0110017-595B-48B9-B823-5048EB0CBB26}
	EndGlobalSection
EndGlobal
